
Microsoft Visual Studio Solution File, Format Version 12.00
# Visual Studio Version 16
VisualStudioVersion = 16.0.31613.86
MinimumVisualStudioVersion = 10.0.40219.1
Project("{2150E333-8FDC-42A3-9474-1A3956D46DE8}") = "1. LinkedList", "1. LinkedList", "{59CBA0C4-325A-465D-8964-28CC752E8731}"
EndProject
Project("{9A19103F-16F7-4668-BE54-9A1E7A4F7556}") = "SinglyLinkedList", "SinglyLinkedList\SinglyLinkedList.csproj", "{B621F1D3-8448-422B-B172-69DBB2C4E441}"
EndProject
Project("{9A19103F-16F7-4668-BE54-9A1E7A4F7556}") = "LinkedLists", "LinkedLists\LinkedLists.csproj", "{D91BA655-9820-45E1-9C4B-CE7F918E20C5}"
EndProject
Project("{2150E333-8FDC-42A3-9474-1A3956D46DE8}") = "2. Stack", "2. Stack", "{A818003C-F32B-456F-A938-0B3466A02250}"
EndProject
Project("{9A19103F-16F7-4668-BE54-9A1E7A4F7556}") = "StackDemo", "StackBuilt\StackDemo.csproj", "{5B7506D6-7BDF-4828-B9A2-8570DC48F689}"
EndProject
Project("{9A19103F-16F7-4668-BE54-9A1E7A4F7556}") = "Stack", "Stack\Stack.csproj", "{C38234CE-AC04-4197-993D-470A18810355}"
EndProject
Project("{2150E333-8FDC-42A3-9474-1A3956D46DE8}") = "3. Queue", "3. Queue", "{5206BEFC-02C4-4832-BCD3-9C08204A24A8}"
EndProject
Project("{2150E333-8FDC-42A3-9474-1A3956D46DE8}") = "4. Binary Search", "4. Binary Search", "{7AAF7B98-DBFA-41F2-961E-E728BC489DB8}"
EndProject
Project("{2150E333-8FDC-42A3-9474-1A3956D46DE8}") = "5. Linear Search", "5. Linear Search", "{7BCFE33F-B679-494D-B5EE-547B927FE93C}"
EndProject
Project("{9A19103F-16F7-4668-BE54-9A1E7A4F7556}") = "QueueDemo", "QueueDemo\QueueDemo.csproj", "{CCD7345C-1788-4242-8A4F-B6D05D65440A}"
EndProject
Project("{FAE04EC0-301F-11D3-BF4B-00C04F79EFBC}") = "Queue", "Queue\Queue.csproj", "{B60A5A02-08A1-4DFB-BAB9-C2FB76A89F5B}"
EndProject
Project("{FAE04EC0-301F-11D3-BF4B-00C04F79EFBC}") = "BinarySearchDemo", "BinarySearchDemo\BinarySearchDemo.csproj", "{8B1E332B-99A7-4DFB-8E16-608F95060322}"
EndProject
Project("{FAE04EC0-301F-11D3-BF4B-00C04F79EFBC}") = "BinarySearch", "BinarySearch\BinarySearch.csproj", "{9585D945-0076-4D7F-8DD8-8A3E2991073C}"
EndProject
Project("{FAE04EC0-301F-11D3-BF4B-00C04F79EFBC}") = "LinearSearchDemo", "LinearSearchDemo\LinearSearchDemo.csproj", "{0AF5E897-D2CF-4B30-BA0B-BBB4AD119B7D}"
EndProject
Project("{FAE04EC0-301F-11D3-BF4B-00C04F79EFBC}") = "LinearSearch", "LinearSearch\LinearSearch.csproj", "{565E36C1-D974-46F1-80AA-149140BF5F0E}"
EndProject
Global
	GlobalSection(SolutionConfigurationPlatforms) = preSolution
		Debug|Any CPU = Debug|Any CPU
		Release|Any CPU = Release|Any CPU
	EndGlobalSection
	GlobalSection(ProjectConfigurationPlatforms) = postSolution
		{B621F1D3-8448-422B-B172-69DBB2C4E441}.Debug|Any CPU.ActiveCfg = Debug|Any CPU
		{B621F1D3-8448-422B-B172-69DBB2C4E441}.Debug|Any CPU.Build.0 = Debug|Any CPU
		{B621F1D3-8448-422B-B172-69DBB2C4E441}.Release|Any CPU.ActiveCfg = Release|Any CPU
		{B621F1D3-8448-422B-B172-69DBB2C4E441}.Release|Any CPU.Build.0 = Release|Any CPU
		{D91BA655-9820-45E1-9C4B-CE7F918E20C5}.Debug|Any CPU.ActiveCfg = Debug|Any CPU
		{D91BA655-9820-45E1-9C4B-CE7F918E20C5}.Debug|Any CPU.Build.0 = Debug|Any CPU
		{D91BA655-9820-45E1-9C4B-CE7F918E20C5}.Release|Any CPU.ActiveCfg = Release|Any CPU
		{D91BA655-9820-45E1-9C4B-CE7F918E20C5}.Release|Any CPU.Build.0 = Release|Any CPU
		{5B7506D6-7BDF-4828-B9A2-8570DC48F689}.Debug|Any CPU.ActiveCfg = Debug|Any CPU
		{5B7506D6-7BDF-4828-B9A2-8570DC48F689}.Debug|Any CPU.Build.0 = Debug|Any CPU
		{5B7506D6-7BDF-4828-B9A2-8570DC48F689}.Release|Any CPU.ActiveCfg = Release|Any CPU
		{5B7506D6-7BDF-4828-B9A2-8570DC48F689}.Release|Any CPU.Build.0 = Release|Any CPU
		{C38234CE-AC04-4197-993D-470A18810355}.Debug|Any CPU.ActiveCfg = Debug|Any CPU
		{C38234CE-AC04-4197-993D-470A18810355}.Debug|Any CPU.Build.0 = Debug|Any CPU
		{C38234CE-AC04-4197-993D-470A18810355}.Release|Any CPU.ActiveCfg = Release|Any CPU
		{C38234CE-AC04-4197-993D-470A18810355}.Release|Any CPU.Build.0 = Release|Any CPU
		{CCD7345C-1788-4242-8A4F-B6D05D65440A}.Debug|Any CPU.ActiveCfg = Debug|Any CPU
		{CCD7345C-1788-4242-8A4F-B6D05D65440A}.Debug|Any CPU.Build.0 = Debug|Any CPU
		{CCD7345C-1788-4242-8A4F-B6D05D65440A}.Release|Any CPU.ActiveCfg = Release|Any CPU
		{CCD7345C-1788-4242-8A4F-B6D05D65440A}.Release|Any CPU.Build.0 = Release|Any CPU
		{B60A5A02-08A1-4DFB-BAB9-C2FB76A89F5B}.Debug|Any CPU.ActiveCfg = Debug|Any CPU
		{B60A5A02-08A1-4DFB-BAB9-C2FB76A89F5B}.Debug|Any CPU.Build.0 = Debug|Any CPU
		{B60A5A02-08A1-4DFB-BAB9-C2FB76A89F5B}.Release|Any CPU.ActiveCfg = Release|Any CPU
		{B60A5A02-08A1-4DFB-BAB9-C2FB76A89F5B}.Release|Any CPU.Build.0 = Release|Any CPU
		{8B1E332B-99A7-4DFB-8E16-608F95060322}.Debug|Any CPU.ActiveCfg = Debug|Any CPU
		{8B1E332B-99A7-4DFB-8E16-608F95060322}.Debug|Any CPU.Build.0 = Debug|Any CPU
		{8B1E332B-99A7-4DFB-8E16-608F95060322}.Release|Any CPU.ActiveCfg = Release|Any CPU
		{8B1E332B-99A7-4DFB-8E16-608F95060322}.Release|Any CPU.Build.0 = Release|Any CPU
		{9585D945-0076-4D7F-8DD8-8A3E2991073C}.Debug|Any CPU.ActiveCfg = Debug|Any CPU
		{9585D945-0076-4D7F-8DD8-8A3E2991073C}.Debug|Any CPU.Build.0 = Debug|Any CPU
		{9585D945-0076-4D7F-8DD8-8A3E2991073C}.Release|Any CPU.ActiveCfg = Release|Any CPU
		{9585D945-0076-4D7F-8DD8-8A3E2991073C}.Release|Any CPU.Build.0 = Release|Any CPU
		{0AF5E897-D2CF-4B30-BA0B-BBB4AD119B7D}.Debug|Any CPU.ActiveCfg = Debug|Any CPU
		{0AF5E897-D2CF-4B30-BA0B-BBB4AD119B7D}.Debug|Any CPU.Build.0 = Debug|Any CPU
		{0AF5E897-D2CF-4B30-BA0B-BBB4AD119B7D}.Release|Any CPU.ActiveCfg = Release|Any CPU
		{0AF5E897-D2CF-4B30-BA0B-BBB4AD119B7D}.Release|Any CPU.Build.0 = Release|Any CPU
		{565E36C1-D974-46F1-80AA-149140BF5F0E}.Debug|Any CPU.ActiveCfg = Debug|Any CPU
		{565E36C1-D974-46F1-80AA-149140BF5F0E}.Debug|Any CPU.Build.0 = Debug|Any CPU
		{565E36C1-D974-46F1-80AA-149140BF5F0E}.Release|Any CPU.ActiveCfg = Release|Any CPU
		{565E36C1-D974-46F1-80AA-149140BF5F0E}.Release|Any CPU.Build.0 = Release|Any CPU
	EndGlobalSection
	GlobalSection(SolutionProperties) = preSolution
		HideSolutionNode = FALSE
	EndGlobalSection
	GlobalSection(NestedProjects) = preSolution
		{B621F1D3-8448-422B-B172-69DBB2C4E441} = {59CBA0C4-325A-465D-8964-28CC752E8731}
		{D91BA655-9820-45E1-9C4B-CE7F918E20C5} = {59CBA0C4-325A-465D-8964-28CC752E8731}
		{5B7506D6-7BDF-4828-B9A2-8570DC48F689} = {A818003C-F32B-456F-A938-0B3466A02250}
		{C38234CE-AC04-4197-993D-470A18810355} = {A818003C-F32B-456F-A938-0B3466A02250}
		{CCD7345C-1788-4242-8A4F-B6D05D65440A} = {5206BEFC-02C4-4832-BCD3-9C08204A24A8}
		{B60A5A02-08A1-4DFB-BAB9-C2FB76A89F5B} = {5206BEFC-02C4-4832-BCD3-9C08204A24A8}
		{8B1E332B-99A7-4DFB-8E16-608F95060322} = {7AAF7B98-DBFA-41F2-961E-E728BC489DB8}
		{9585D945-0076-4D7F-8DD8-8A3E2991073C} = {7AAF7B98-DBFA-41F2-961E-E728BC489DB8}
		{0AF5E897-D2CF-4B30-BA0B-BBB4AD119B7D} = {7BCFE33F-B679-494D-B5EE-547B927FE93C}
		{565E36C1-D974-46F1-80AA-149140BF5F0E} = {7BCFE33F-B679-494D-B5EE-547B927FE93C}
	EndGlobalSection
	GlobalSection(ExtensibilityGlobals) = postSolution
		SolutionGuid = {1BCF8354-F7B3-44F0-A608-07E19F75F4F0}
	EndGlobalSection
EndGlobal
